
Microsoft Visual Studio Solution File, Format Version 12.00
# Visual Studio Version 16
VisualStudioVersion = 16.0.31729.503
MinimumVisualStudioVersion = 10.0.40219.1
Project("{FAE04EC0-301F-11D3-BF4B-00C04F79EFBC}") = "ProyectoFinal", "ProyectoFinal\ProyectoFinal.csproj", "{6031EC79-2E4C-4633-9D96-F2680DEB663B}"
EndProject
Global
	GlobalSection(SolutionConfigurationPlatforms) = preSolution
		Debug|Any CPU = Debug|Any CPU
		Release|Any CPU = Release|Any CPU
	EndGlobalSection
	GlobalSection(ProjectConfigurationPlatforms) = postSolution
		{6031EC79-2E4C-4633-9D96-F2680DEB663B}.Debug|Any CPU.ActiveCfg = Debug|Any CPU
		{6031EC79-2E4C-4633-9D96-F2680DEB663B}.Debug|Any CPU.Build.0 = Debug|Any CPU
		{6031EC79-2E4C-4633-9D96-F2680DEB663B}.Release|Any CPU.ActiveCfg = Release|Any CPU
		{6031EC79-2E4C-4633-9D96-F2680DEB663B}.Release|Any CPU.Build.0 = Release|Any CPU
	EndGlobalSection
	GlobalSection(SolutionProperties) = preSolution
		HideSolutionNode = FALSE
	EndGlobalSection
	GlobalSection(ExtensibilityGlobals) = postSolution
		SolutionGuid = {DCC75FF5-FC24-4D5A-9C29-B989B3C858B7}
	EndGlobalSection
EndGlobal
